
Microsoft Visual Studio Solution File, Format Version 12.00
# Visual Studio 15
VisualStudioVersion = 15.0.27428.2005
MinimumVisualStudioVersion = 10.0.40219.1
Project("{FAE04EC0-301F-11D3-BF4B-00C04F79EFBC}") = "TPRV", "TPRV\TPRV.csproj", "{E80445D0-BBB0-4CE8-BE5E-D766426D8C7E}"
EndProject
Global
	GlobalSection(SolutionConfigurationPlatforms) = preSolution
		Debug|Any CPU = Debug|Any CPU
		Release|Any CPU = Release|Any CPU
	EndGlobalSection
	GlobalSection(ProjectConfigurationPlatforms) = postSolution
		{E80445D0-BBB0-4CE8-BE5E-D766426D8C7E}.Debug|Any CPU.ActiveCfg = Debug|Any CPU
		{E80445D0-BBB0-4CE8-BE5E-D766426D8C7E}.Debug|Any CPU.Build.0 = Debug|Any CPU
		{E80445D0-BBB0-4CE8-BE5E-D766426D8C7E}.Release|Any CPU.ActiveCfg = Release|Any CPU
		{E80445D0-BBB0-4CE8-BE5E-D766426D8C7E}.Release|Any CPU.Build.0 = Release|Any CPU
	EndGlobalSection
	GlobalSection(SolutionProperties) = preSolution
		HideSolutionNode = FALSE
	EndGlobalSection
	GlobalSection(ExtensibilityGlobals) = postSolution
		SolutionGuid = {AD1EE1BC-6DEA-4A99-8FB8-4601F025B89F}
	EndGlobalSection
EndGlobal
